
Microsoft Visual Studio Solution File, Format Version 12.00
# Visual Studio 14
VisualStudioVersion = 14.0.24720.0
MinimumVisualStudioVersion = 10.0.40219.1
Project("{2150E333-8FDC-42A3-9474-1A3956D46DE8}") = "App", "App", "{1CAC9253-0233-48B0-AA9F-F49FC32747E2}"
EndProject
Project("{F184B08F-C81C-45F6-A57F-5ABD9991F28F}") = "GtkSharp_ThemeTest1_VB", "GtkSharp3\GtkSharp_ThemeTest1_VB\GtkSharp_ThemeTest1_VB.vbproj", "{2E1C2745-E619-44B9-96D9-704E3F31C9E4}"
EndProject
Project("{F184B08F-C81C-45F6-A57F-5ABD9991F28F}") = "GtkSharp_BasicForm1_VB", "GtkSharp3\GtkSharp_BasicForm1_VB\GtkSharp_BasicForm1_VB.vbproj", "{7951A3C8-440D-4486-946B-B5B93181C4A2}"
EndProject
Project("{FAE04EC0-301F-11D3-BF4B-00C04F79EFBC}") = "GtkSharp_BasicForm1_CS", "GtkSharp3\GtkSharp_BasicForm1_CS\GtkSharp_BasicForm1_CS.csproj", "{68E302D6-F112-4838-9C24-0931E83BDEB1}"
EndProject
Project("{F184B08F-C81C-45F6-A57F-5ABD9991F28F}") = "GtkSharp_AdvForm1_VB", "GtkSharp3\GtkSharp_AdvForm1_VB\GtkSharp_AdvForm1_VB.vbproj", "{9E77BA00-648B-43B4-AEFE-5B0E6EF3285A}"
EndProject
Global
	GlobalSection(SolutionConfigurationPlatforms) = preSolution
		Debug|Any CPU = Debug|Any CPU
		Release|Any CPU = Release|Any CPU
	EndGlobalSection
	GlobalSection(ProjectConfigurationPlatforms) = postSolution
		{2E1C2745-E619-44B9-96D9-704E3F31C9E4}.Debug|Any CPU.ActiveCfg = Debug|Any CPU
		{2E1C2745-E619-44B9-96D9-704E3F31C9E4}.Debug|Any CPU.Build.0 = Debug|Any CPU
		{2E1C2745-E619-44B9-96D9-704E3F31C9E4}.Release|Any CPU.ActiveCfg = Release|Any CPU
		{2E1C2745-E619-44B9-96D9-704E3F31C9E4}.Release|Any CPU.Build.0 = Release|Any CPU
		{7951A3C8-440D-4486-946B-B5B93181C4A2}.Debug|Any CPU.ActiveCfg = Debug|Any CPU
		{7951A3C8-440D-4486-946B-B5B93181C4A2}.Debug|Any CPU.Build.0 = Debug|Any CPU
		{7951A3C8-440D-4486-946B-B5B93181C4A2}.Release|Any CPU.ActiveCfg = Release|Any CPU
		{7951A3C8-440D-4486-946B-B5B93181C4A2}.Release|Any CPU.Build.0 = Release|Any CPU
		{68E302D6-F112-4838-9C24-0931E83BDEB1}.Debug|Any CPU.ActiveCfg = Debug|Any CPU
		{68E302D6-F112-4838-9C24-0931E83BDEB1}.Debug|Any CPU.Build.0 = Debug|Any CPU
		{68E302D6-F112-4838-9C24-0931E83BDEB1}.Release|Any CPU.ActiveCfg = Release|Any CPU
		{68E302D6-F112-4838-9C24-0931E83BDEB1}.Release|Any CPU.Build.0 = Release|Any CPU
		{9E77BA00-648B-43B4-AEFE-5B0E6EF3285A}.Debug|Any CPU.ActiveCfg = Debug|Any CPU
		{9E77BA00-648B-43B4-AEFE-5B0E6EF3285A}.Debug|Any CPU.Build.0 = Debug|Any CPU
		{9E77BA00-648B-43B4-AEFE-5B0E6EF3285A}.Release|Any CPU.ActiveCfg = Release|Any CPU
		{9E77BA00-648B-43B4-AEFE-5B0E6EF3285A}.Release|Any CPU.Build.0 = Release|Any CPU
	EndGlobalSection
	GlobalSection(SolutionProperties) = preSolution
		HideSolutionNode = FALSE
	EndGlobalSection
	GlobalSection(NestedProjects) = preSolution
		{2E1C2745-E619-44B9-96D9-704E3F31C9E4} = {1CAC9253-0233-48B0-AA9F-F49FC32747E2}
		{7951A3C8-440D-4486-946B-B5B93181C4A2} = {1CAC9253-0233-48B0-AA9F-F49FC32747E2}
		{68E302D6-F112-4838-9C24-0931E83BDEB1} = {1CAC9253-0233-48B0-AA9F-F49FC32747E2}
		{9E77BA00-648B-43B4-AEFE-5B0E6EF3285A} = {1CAC9253-0233-48B0-AA9F-F49FC32747E2}
	EndGlobalSection
EndGlobal
